
Microsoft Visual Studio Solution File, Format Version 12.00
# Visual Studio Version 16
VisualStudioVersion = 16.0.31613.86
MinimumVisualStudioVersion = 10.0.40219.1
Project("{FAE04EC0-301F-11D3-BF4B-00C04F79EFBC}") = "lab3", "lab3\lab3.csproj", "{EE202EC0-8FFF-4551-BC27-AA2DD4800157}"
EndProject
Global
	GlobalSection(SolutionConfigurationPlatforms) = preSolution
		Debug|Any CPU = Debug|Any CPU
		Release|Any CPU = Release|Any CPU
	EndGlobalSection
	GlobalSection(ProjectConfigurationPlatforms) = postSolution
		{EE202EC0-8FFF-4551-BC27-AA2DD4800157}.Debug|Any CPU.ActiveCfg = Debug|Any CPU
		{EE202EC0-8FFF-4551-BC27-AA2DD4800157}.Debug|Any CPU.Build.0 = Debug|Any CPU
		{EE202EC0-8FFF-4551-BC27-AA2DD4800157}.Release|Any CPU.ActiveCfg = Release|Any CPU
		{EE202EC0-8FFF-4551-BC27-AA2DD4800157}.Release|Any CPU.Build.0 = Release|Any CPU
	EndGlobalSection
	GlobalSection(SolutionProperties) = preSolution
		HideSolutionNode = FALSE
	EndGlobalSection
	GlobalSection(ExtensibilityGlobals) = postSolution
		SolutionGuid = {D969F5ED-4AC9-4075-9D0A-8008AF5A4B2E}
	EndGlobalSection
EndGlobal
