
Microsoft Visual Studio Solution File, Format Version 12.00
# Visual Studio Version 16
VisualStudioVersion = 16.0.31613.86
MinimumVisualStudioVersion = 10.0.40219.1
Project("{FAE04EC0-301F-11D3-BF4B-00C04F79EFBC}") = "lab2", "lab2\lab2.csproj", "{1258E5A2-4C8E-465A-B997-DE35BDE21949}"
EndProject
Global
	GlobalSection(SolutionConfigurationPlatforms) = preSolution
		Debug|Any CPU = Debug|Any CPU
		Release|Any CPU = Release|Any CPU
	EndGlobalSection
	GlobalSection(ProjectConfigurationPlatforms) = postSolution
		{1258E5A2-4C8E-465A-B997-DE35BDE21949}.Debug|Any CPU.ActiveCfg = Debug|Any CPU
		{1258E5A2-4C8E-465A-B997-DE35BDE21949}.Debug|Any CPU.Build.0 = Debug|Any CPU
		{1258E5A2-4C8E-465A-B997-DE35BDE21949}.Release|Any CPU.ActiveCfg = Release|Any CPU
		{1258E5A2-4C8E-465A-B997-DE35BDE21949}.Release|Any CPU.Build.0 = Release|Any CPU
	EndGlobalSection
	GlobalSection(SolutionProperties) = preSolution
		HideSolutionNode = FALSE
	EndGlobalSection
	GlobalSection(ExtensibilityGlobals) = postSolution
		SolutionGuid = {04F2FD61-E202-430E-BEA3-D6617363F47A}
	EndGlobalSection
EndGlobal
